
Microsoft Visual Studio Solution File, Format Version 12.00
# Visual Studio Version 17
VisualStudioVersion = 17.9.34616.47
MinimumVisualStudioVersion = 10.0.40219.1
Project("{9A19103F-16F7-4668-BE54-9A1E7A4F7556}") = "Clutch.API", "src\Clutch.API\Clutch.API.csproj", "{A6C08F0C-B416-4112-9833-1DCFBE363CB7}"
EndProject
Project("{2150E333-8FDC-42A3-9474-1A3956D46DE8}") = "src", "src", "{72FF7C7D-DD49-4618-AFC2-B373DB9D402B}"
EndProject
Project("{2150E333-8FDC-42A3-9474-1A3956D46DE8}") = "tests", "tests", "{6DC64DE9-9368-4766-ACFE-07AD2E933D3A}"
EndProject
Project("{9A19103F-16F7-4668-BE54-9A1E7A4F7556}") = "Clutch.API.Tests", "src\Clutch.API.Tests\Clutch.API.Tests.csproj", "{A2487890-545B-4CD9-A201-71D7D8D5AB9A}"
EndProject
Project("{E53339B2-1760-4266-BCC7-CA923CBCF16C}") = "docker-compose", "src\docker-compose.dcproj", "{55CE4882-A8D9-4E17-88D8-13C6B5C5D60E}"
EndProject
Project("{FAE04EC0-301F-11D3-BF4B-00C04F79EFBC}") = "Clutch.API.AppHost", "src\Clutch.API.AppHost\Clutch.API.AppHost.csproj", "{4F5AFC11-262D-40BB-8905-ABC31BBA255D}"
EndProject
Project("{9A19103F-16F7-4668-BE54-9A1E7A4F7556}") = "Clutch.API.ServiceDefaults", "src\Clutch.API.ServiceDefaults\Clutch.API.ServiceDefaults.csproj", "{EE171D1A-B5F3-49E6-A6DD-3A3C38C77484}"
EndProject
Global
	GlobalSection(SolutionConfigurationPlatforms) = preSolution
		Debug|Any CPU = Debug|Any CPU
		Release|Any CPU = Release|Any CPU
	EndGlobalSection
	GlobalSection(ProjectConfigurationPlatforms) = postSolution
		{A6C08F0C-B416-4112-9833-1DCFBE363CB7}.Debug|Any CPU.ActiveCfg = Debug|Any CPU
		{A6C08F0C-B416-4112-9833-1DCFBE363CB7}.Debug|Any CPU.Build.0 = Debug|Any CPU
		{A6C08F0C-B416-4112-9833-1DCFBE363CB7}.Release|Any CPU.ActiveCfg = Release|Any CPU
		{A6C08F0C-B416-4112-9833-1DCFBE363CB7}.Release|Any CPU.Build.0 = Release|Any CPU
		{A2487890-545B-4CD9-A201-71D7D8D5AB9A}.Debug|Any CPU.ActiveCfg = Debug|Any CPU
		{A2487890-545B-4CD9-A201-71D7D8D5AB9A}.Debug|Any CPU.Build.0 = Debug|Any CPU
		{A2487890-545B-4CD9-A201-71D7D8D5AB9A}.Release|Any CPU.ActiveCfg = Release|Any CPU
		{A2487890-545B-4CD9-A201-71D7D8D5AB9A}.Release|Any CPU.Build.0 = Release|Any CPU
		{55CE4882-A8D9-4E17-88D8-13C6B5C5D60E}.Debug|Any CPU.ActiveCfg = Debug|Any CPU
		{55CE4882-A8D9-4E17-88D8-13C6B5C5D60E}.Debug|Any CPU.Build.0 = Debug|Any CPU
		{55CE4882-A8D9-4E17-88D8-13C6B5C5D60E}.Release|Any CPU.ActiveCfg = Release|Any CPU
		{55CE4882-A8D9-4E17-88D8-13C6B5C5D60E}.Release|Any CPU.Build.0 = Release|Any CPU
		{4F5AFC11-262D-40BB-8905-ABC31BBA255D}.Debug|Any CPU.ActiveCfg = Debug|Any CPU
		{4F5AFC11-262D-40BB-8905-ABC31BBA255D}.Debug|Any CPU.Build.0 = Debug|Any CPU
		{4F5AFC11-262D-40BB-8905-ABC31BBA255D}.Release|Any CPU.ActiveCfg = Release|Any CPU
		{4F5AFC11-262D-40BB-8905-ABC31BBA255D}.Release|Any CPU.Build.0 = Release|Any CPU
		{EE171D1A-B5F3-49E6-A6DD-3A3C38C77484}.Debug|Any CPU.ActiveCfg = Debug|Any CPU
		{EE171D1A-B5F3-49E6-A6DD-3A3C38C77484}.Debug|Any CPU.Build.0 = Debug|Any CPU
		{EE171D1A-B5F3-49E6-A6DD-3A3C38C77484}.Release|Any CPU.ActiveCfg = Release|Any CPU
		{EE171D1A-B5F3-49E6-A6DD-3A3C38C77484}.Release|Any CPU.Build.0 = Release|Any CPU
	EndGlobalSection
	GlobalSection(SolutionProperties) = preSolution
		HideSolutionNode = FALSE
	EndGlobalSection
	GlobalSection(NestedProjects) = preSolution
		{A6C08F0C-B416-4112-9833-1DCFBE363CB7} = {72FF7C7D-DD49-4618-AFC2-B373DB9D402B}
		{A2487890-545B-4CD9-A201-71D7D8D5AB9A} = {6DC64DE9-9368-4766-ACFE-07AD2E933D3A}
		{55CE4882-A8D9-4E17-88D8-13C6B5C5D60E} = {72FF7C7D-DD49-4618-AFC2-B373DB9D402B}
	EndGlobalSection
	GlobalSection(ExtensibilityGlobals) = postSolution
		SolutionGuid = {960B6F72-A9F5-4339-AD6E-32FAB60FE487}
	EndGlobalSection
EndGlobal
