
Microsoft Visual Studio Solution File, Format Version 12.00
# Visual Studio Version 17
VisualStudioVersion = 17.9.34616.47
MinimumVisualStudioVersion = 10.0.40219.1
Project("{9A19103F-16F7-4668-BE54-9A1E7A4F7556}") = "Clutch.API", "Clutch.API\Clutch.API.csproj", "{A6C08F0C-B416-4112-9833-1DCFBE363CB7}"
	ProjectSection(ProjectDependencies) = postProject
		{56C8C527-2855-40CB-92AF-B93B45FBF19C} = {56C8C527-2855-40CB-92AF-B93B45FBF19C}
	EndProjectSection
EndProject
Project("{E53339B2-1760-4266-BCC7-CA923CBCF16C}") = "docker-compose", "docker-compose.dcproj", "{55CE4882-A8D9-4E17-88D8-13C6B5C5D60E}"
EndProject
Project("{9A19103F-16F7-4668-BE54-9A1E7A4F7556}") = "CacheProvider", "CacheProvider\CacheProvider.csproj", "{56C8C527-2855-40CB-92AF-B93B45FBF19C}"
EndProject
Global
	GlobalSection(SolutionConfigurationPlatforms) = preSolution
		Debug|Any CPU = Debug|Any CPU
		Release|Any CPU = Release|Any CPU
	EndGlobalSection
	GlobalSection(ProjectConfigurationPlatforms) = postSolution
		{A6C08F0C-B416-4112-9833-1DCFBE363CB7}.Debug|Any CPU.ActiveCfg = Debug|Any CPU
		{A6C08F0C-B416-4112-9833-1DCFBE363CB7}.Debug|Any CPU.Build.0 = Debug|Any CPU
		{A6C08F0C-B416-4112-9833-1DCFBE363CB7}.Release|Any CPU.ActiveCfg = Release|Any CPU
		{A6C08F0C-B416-4112-9833-1DCFBE363CB7}.Release|Any CPU.Build.0 = Release|Any CPU
		{55CE4882-A8D9-4E17-88D8-13C6B5C5D60E}.Debug|Any CPU.ActiveCfg = Debug|Any CPU
		{55CE4882-A8D9-4E17-88D8-13C6B5C5D60E}.Debug|Any CPU.Build.0 = Debug|Any CPU
		{55CE4882-A8D9-4E17-88D8-13C6B5C5D60E}.Release|Any CPU.ActiveCfg = Release|Any CPU
		{55CE4882-A8D9-4E17-88D8-13C6B5C5D60E}.Release|Any CPU.Build.0 = Release|Any CPU
		{56C8C527-2855-40CB-92AF-B93B45FBF19C}.Debug|Any CPU.ActiveCfg = Debug|Any CPU
		{56C8C527-2855-40CB-92AF-B93B45FBF19C}.Debug|Any CPU.Build.0 = Debug|Any CPU
		{56C8C527-2855-40CB-92AF-B93B45FBF19C}.Release|Any CPU.ActiveCfg = Release|Any CPU
		{56C8C527-2855-40CB-92AF-B93B45FBF19C}.Release|Any CPU.Build.0 = Release|Any CPU
	EndGlobalSection
	GlobalSection(SolutionProperties) = preSolution
		HideSolutionNode = FALSE
	EndGlobalSection
	GlobalSection(ExtensibilityGlobals) = postSolution
		SolutionGuid = {960B6F72-A9F5-4339-AD6E-32FAB60FE487}
	EndGlobalSection
EndGlobal
