
Microsoft Visual Studio Solution File, Format Version 12.00
# Visual Studio Version 17
VisualStudioVersion = 17.9.34616.47
MinimumVisualStudioVersion = 10.0.40219.1
Project("{9A19103F-16F7-4668-BE54-9A1E7A4F7556}") = "StepNet.API", "StepNet.API.csproj", "{CF791275-A716-4127-97EF-EC1FB7799F21}"
EndProject
Project("{00D1A9C2-B5F0-4AF3-8072-F6C62B433612}") = "StepNet.DB", "..\StepNet.DB\StepNet.DB.sqlproj", "{9136129C-EDA1-45F3-BAF5-9B3BD7F8547B}"
EndProject
Global
	GlobalSection(SolutionConfigurationPlatforms) = preSolution
		Debug|Any CPU = Debug|Any CPU
		Release|Any CPU = Release|Any CPU
	EndGlobalSection
	GlobalSection(ProjectConfigurationPlatforms) = postSolution
		{CF791275-A716-4127-97EF-EC1FB7799F21}.Debug|Any CPU.ActiveCfg = Debug|Any CPU
		{CF791275-A716-4127-97EF-EC1FB7799F21}.Debug|Any CPU.Build.0 = Debug|Any CPU
		{CF791275-A716-4127-97EF-EC1FB7799F21}.Release|Any CPU.ActiveCfg = Release|Any CPU
		{CF791275-A716-4127-97EF-EC1FB7799F21}.Release|Any CPU.Build.0 = Release|Any CPU
		{9136129C-EDA1-45F3-BAF5-9B3BD7F8547B}.Debug|Any CPU.ActiveCfg = Debug|Any CPU
		{9136129C-EDA1-45F3-BAF5-9B3BD7F8547B}.Debug|Any CPU.Build.0 = Debug|Any CPU
		{9136129C-EDA1-45F3-BAF5-9B3BD7F8547B}.Debug|Any CPU.Deploy.0 = Debug|Any CPU
		{9136129C-EDA1-45F3-BAF5-9B3BD7F8547B}.Release|Any CPU.ActiveCfg = Release|Any CPU
		{9136129C-EDA1-45F3-BAF5-9B3BD7F8547B}.Release|Any CPU.Build.0 = Release|Any CPU
		{9136129C-EDA1-45F3-BAF5-9B3BD7F8547B}.Release|Any CPU.Deploy.0 = Release|Any CPU
	EndGlobalSection
	GlobalSection(SolutionProperties) = preSolution
		HideSolutionNode = FALSE
	EndGlobalSection
	GlobalSection(ExtensibilityGlobals) = postSolution
		SolutionGuid = {913EB624-132B-4974-B96A-62D4B664B42E}
	EndGlobalSection
EndGlobal
